# This is a Gradle generated file for dependency locking.
# Manual edits can break the build and are not advised.
# This file is expected to be part of source control.
com.fasterxml.jackson.core:jackson-annotations:2.12.1
com.fasterxml.jackson.core:jackson-core:2.12.1
com.fasterxml.jackson.core:jackson-databind:2.12.1
com.fasterxml.jackson.dataformat:jackson-dataformat-cbor:2.12.1
com.fasterxml.jackson.module:jackson-module-kotlin:2.12.1
com.fasterxml.jackson:jackson-bom:2.12.1
org.bouncycastle:bcpkix-jdk15on:1.67
org.bouncycastle:bcprov-jdk15on:1.67
org.jetbrains.kotlin:kotlin-bom:1.4.31
org.jetbrains.kotlin:kotlin-reflect:1.4.31
org.jetbrains.kotlin:kotlin-stdlib-common:1.4.31
org.jetbrains.kotlin:kotlin-stdlib-jdk7:1.4.31
org.jetbrains.kotlin:kotlin-stdlib-jdk8:1.4.31
org.jetbrains.kotlin:kotlin-stdlib:1.4.31
org.jetbrains.kotlinx:kotlinx-coroutines-core-jvm:1.4.2
org.jetbrains.kotlinx:kotlinx-coroutines-core:1.4.2
org.jetbrains:annotations:13.0
