# This is a Gradle generated file for dependency locking.
# Manual edits can break the build and are not advised.
# This file is expected to be part of source control.
com.fasterxml.jackson.core:jackson-annotations:2.11.1
com.fasterxml.jackson.core:jackson-core:2.11.1
com.fasterxml.jackson.core:jackson-databind:2.11.1
com.fasterxml.jackson.module:jackson-module-kotlin:2.11.1
org.jetbrains.dokka:dokka-analysis:1.4.20
org.jetbrains.dokka:dokka-base:1.4.20
org.jetbrains.dokka:kotlin-analysis-compiler:1.4.20
org.jetbrains.dokka:kotlin-analysis-intellij:1.4.20
org.jetbrains.kotlin:kotlin-reflect:1.4.20
org.jetbrains.kotlin:kotlin-stdlib-common:1.4.20
org.jetbrains.kotlin:kotlin-stdlib-jdk7:1.4.20
org.jetbrains.kotlin:kotlin-stdlib-jdk8:1.4.20
org.jetbrains.kotlin:kotlin-stdlib:1.4.20
org.jetbrains.kotlinx:kotlinx-coroutines-core-jvm:1.4.1
org.jetbrains.kotlinx:kotlinx-html-jvm:0.7.2
org.jetbrains:annotations:13.0
org.jsoup:jsoup:1.12.1
